// !$*UTF8*$!
{
	archiveVersion = 1;
	classes = {
	};
	objectVersion = 55;
	objects = {

/* Begin PBXBuildFile section */
		9532D86927FD4C120064CAC5 /* AppDelegate.swift in Sources */ = {isa = PBXBuildFile; fileRef = 9532D86827FD4C120064CAC5 /* AppDelegate.swift */; };
		9532D86B27FD4C120064CAC5 /* SceneDelegate.swift in Sources */ = {isa = PBXBuildFile; fileRef = 9532D86A27FD4C120064CAC5 /* SceneDelegate.swift */; };
		9532D86D27FD4C120064CAC5 /* NewsCategoryViewController.swift in Sources */ = {isa = PBXBuildFile; fileRef = 9532D86C27FD4C120064CAC5 /* NewsCategoryViewController.swift */; };
		9532D87027FD4C120064CAC5 /* Main.storyboard in Resources */ = {isa = PBXBuildFile; fileRef = 9532D86E27FD4C120064CAC5 /* Main.storyboard */; };
		9532D87227FD4C130064CAC5 /* Assets.xcassets in Resources */ = {isa = PBXBuildFile; fileRef = 9532D87127FD4C130064CAC5 /* Assets.xcassets */; };
		9532D87527FD4C130064CAC5 /* LaunchScreen.storyboard in Resources */ = {isa = PBXBuildFile; fileRef = 9532D87327FD4C130064CAC5 /* LaunchScreen.storyboard */; };
		9532D87D27FD4CF70064CAC5 /* CardSwipeViewController.swift in Sources */ = {isa = PBXBuildFile; fileRef = 9532D87C27FD4CF70064CAC5 /* CardSwipeViewController.swift */; };
		9532D88027FD4E700064CAC5 /* NewsCategoryTableViewCell.swift in Sources */ = {isa = PBXBuildFile; fileRef = 9532D87E27FD4E700064CAC5 /* NewsCategoryTableViewCell.swift */; };
		9532D88127FD4E700064CAC5 /* NewsCategoryTableViewCell.xib in Resources */ = {isa = PBXBuildFile; fileRef = 9532D87F27FD4E700064CAC5 /* NewsCategoryTableViewCell.xib */; };
		9532D88827FD6C0E0064CAC5 /* NewsCardViewCell.swift in Sources */ = {isa = PBXBuildFile; fileRef = 9532D88627FD6C0E0064CAC5 /* NewsCardViewCell.swift */; };
		9532D88927FD6C0E0064CAC5 /* NewsCardViewCell.xib in Resources */ = {isa = PBXBuildFile; fileRef = 9532D88727FD6C0E0064CAC5 /* NewsCardViewCell.xib */; };
		9532D88B27FD79ED0064CAC5 /* NewsArticles.swift in Sources */ = {isa = PBXBuildFile; fileRef = 9532D88A27FD79ED0064CAC5 /* NewsArticles.swift */; };
		9532D88D27FD7A830064CAC5 /* CatchNewsData.swift in Sources */ = {isa = PBXBuildFile; fileRef = 9532D88C27FD7A830064CAC5 /* CatchNewsData.swift */; };
		956DED1A27FFB77200BB1837 /* WebNewsViewController.swift in Sources */ = {isa = PBXBuildFile; fileRef = 956DED1927FFB77200BB1837 /* WebNewsViewController.swift */; };
		A7D75BC7E49329A8BC2B1787 /* Pods_MiniApp_NewsAPI_CardSwipe.framework in Frameworks */ = {isa = PBXBuildFile; fileRef = 796CCAD539A79581EB68900F /* Pods_MiniApp_NewsAPI_CardSwipe.framework */; };
/* End PBXBuildFile section */

/* Begin PBXFileReference section */
		08CA6BFB0AA0E93E572112E1 /* Pods-MiniApp-NewsAPI-CardSwipe.release.xcconfig */ = {isa = PBXFileReference; includeInIndex = 1; lastKnownFileType = text.xcconfig; name = "Pods-MiniApp-NewsAPI-CardSwipe.release.xcconfig"; path = "Target Support Files/Pods-MiniApp-NewsAPI-CardSwipe/Pods-MiniApp-NewsAPI-CardSwipe.release.xcconfig"; sourceTree = "<group>"; };
		796CCAD539A79581EB68900F /* Pods_MiniApp_NewsAPI_CardSwipe.framework */ = {isa = PBXFileReference; explicitFileType = wrapper.framework; includeInIndex = 0; path = Pods_MiniApp_NewsAPI_CardSwipe.framework; sourceTree = BUILT_PRODUCTS_DIR; };
		9532D86527FD4C120064CAC5 /* MiniApp-NewsAPI-CardSwipe.app */ = {isa = PBXFileReference; explicitFileType = wrapper.application; includeInIndex = 0; path = "MiniApp-NewsAPI-CardSwipe.app"; sourceTree = BUILT_PRODUCTS_DIR; };
		9532D86827FD4C120064CAC5 /* AppDelegate.swift */ = {isa = PBXFileReference; lastKnownFileType = sourcecode.swift; path = AppDelegate.swift; sourceTree = "<group>"; };
		9532D86A27FD4C120064CAC5 /* SceneDelegate.swift */ = {isa = PBXFileReference; lastKnownFileType = sourcecode.swift; path = SceneDelegate.swift; sourceTree = "<group>"; };
		9532D86C27FD4C120064CAC5 /* NewsCategoryViewController.swift */ = {isa = PBXFileReference; lastKnownFileType = sourcecode.swift; path = NewsCategoryViewController.swift; sourceTree = "<group>"; };
		9532D86F27FD4C120064CAC5 /* Base */ = {isa = PBXFileReference; lastKnownFileType = file.storyboard; name = Base; path = Base.lproj/Main.storyboard; sourceTree = "<group>"; };
		9532D87127FD4C130064CAC5 /* Assets.xcassets */ = {isa = PBXFileReference; lastKnownFileType = folder.assetcatalog; path = Assets.xcassets; sourceTree = "<group>"; };
		9532D87427FD4C130064CAC5 /* Base */ = {isa = PBXFileReference; lastKnownFileType = file.storyboard; name = Base; path = Base.lproj/LaunchScreen.storyboard; sourceTree = "<group>"; };
		9532D87627FD4C130064CAC5 /* Info.plist */ = {isa = PBXFileReference; lastKnownFileType = text.plist.xml; path = Info.plist; sourceTree = "<group>"; };
		9532D87C27FD4CF70064CAC5 /* CardSwipeViewController.swift */ = {isa = PBXFileReference; lastKnownFileType = sourcecode.swift; path = CardSwipeViewController.swift; sourceTree = "<group>"; };
		9532D87E27FD4E700064CAC5 /* NewsCategoryTableViewCell.swift */ = {isa = PBXFileReference; lastKnownFileType = sourcecode.swift; path = NewsCategoryTableViewCell.swift; sourceTree = "<group>"; };
		9532D87F27FD4E700064CAC5 /* NewsCategoryTableViewCell.xib */ = {isa = PBXFileReference; lastKnownFileType = file.xib; path = NewsCategoryTableViewCell.xib; sourceTree = "<group>"; };
		9532D88627FD6C0E0064CAC5 /* NewsCardViewCell.swift */ = {isa = PBXFileReference; lastKnownFileType = sourcecode.swift; path = NewsCardViewCell.swift; sourceTree = "<group>"; };
		9532D88727FD6C0E0064CAC5 /* NewsCardViewCell.xib */ = {isa = PBXFileReference; lastKnownFileType = file.xib; path = NewsCardViewCell.xib; sourceTree = "<group>"; };
		9532D88A27FD79ED0064CAC5 /* NewsArticles.swift */ = {isa = PBXFileReference; lastKnownFileType = sourcecode.swift; path = NewsArticles.swift; sourceTree = "<group>"; };
		9532D88C27FD7A830064CAC5 /* CatchNewsData.swift */ = {isa = PBXFileReference; lastKnownFileType = sourcecode.swift; path = CatchNewsData.swift; sourceTree = "<group>"; };
		956DED1927FFB77200BB1837 /* WebNewsViewController.swift */ = {isa = PBXFileReference; lastKnownFileType = sourcecode.swift; path = WebNewsViewController.swift; sourceTree = "<group>"; };
		F4D349CE07E4BF57DF9DAE34 /* Pods-MiniApp-NewsAPI-CardSwipe.debug.xcconfig */ = {isa = PBXFileReference; includeInIndex = 1; lastKnownFileType = text.xcconfig; name = "Pods-MiniApp-NewsAPI-CardSwipe.debug.xcconfig"; path = "Target Support Files/Pods-MiniApp-NewsAPI-CardSwipe/Pods-MiniApp-NewsAPI-CardSwipe.debug.xcconfig"; sourceTree = "<group>"; };
/* End PBXFileReference section */

/* Begin PBXFrameworksBuildPhase section */
		9532D86227FD4C120064CAC5 /* Frameworks */ = {
			isa = PBXFrameworksBuildPhase;
			buildActionMask = 2147483647;
			files = (
				A7D75BC7E49329A8BC2B1787 /* Pods_MiniApp_NewsAPI_CardSwipe.framework in Frameworks */,
			);
			runOnlyForDeploymentPostprocessing = 0;
		};
/* End PBXFrameworksBuildPhase section */

/* Begin PBXGroup section */
		11F3AC99A00FE53626A462EA /* Pods */ = {
			isa = PBXGroup;
			children = (
				F4D349CE07E4BF57DF9DAE34 /* Pods-MiniApp-NewsAPI-CardSwipe.debug.xcconfig */,
				08CA6BFB0AA0E93E572112E1 /* Pods-MiniApp-NewsAPI-CardSwipe.release.xcconfig */,
			);
			path = Pods;
			sourceTree = "<group>";
		};
		9532D85C27FD4C120064CAC5 = {
			isa = PBXGroup;
			children = (
				9532D86727FD4C120064CAC5 /* MiniApp-NewsAPI-CardSwipe */,
				9532D86627FD4C120064CAC5 /* Products */,
				11F3AC99A00FE53626A462EA /* Pods */,
				F7D47BF32F7F07F91B1ED885 /* Frameworks */,
			);
			sourceTree = "<group>";
		};
		9532D86627FD4C120064CAC5 /* Products */ = {
			isa = PBXGroup;
			children = (
				9532D86527FD4C120064CAC5 /* MiniApp-NewsAPI-CardSwipe.app */,
			);
			name = Products;
			sourceTree = "<group>";
		};
		9532D86727FD4C120064CAC5 /* MiniApp-NewsAPI-CardSwipe */ = {
			isa = PBXGroup;
			children = (
				95FEB3C527FEB57B00AC4768 /* Model */,
				95FEB3C427FEB57500AC4768 /* View */,
				95FEB3C327FEB56A00AC4768 /* Controller */,
				9532D87627FD4C130064CAC5 /* Info.plist */,
			);
			path = "MiniApp-NewsAPI-CardSwipe";
			sourceTree = "<group>";
		};
		95FEB3C327FEB56A00AC4768 /* Controller */ = {
			isa = PBXGroup;
			children = (
				9532D86827FD4C120064CAC5 /* AppDelegate.swift */,
				9532D86A27FD4C120064CAC5 /* SceneDelegate.swift */,
				9532D86C27FD4C120064CAC5 /* NewsCategoryViewController.swift */,
				956DED1927FFB77200BB1837 /* WebNewsViewController.swift */,
				9532D87C27FD4CF70064CAC5 /* CardSwipeViewController.swift */,
			);
			path = Controller;
			sourceTree = "<group>";
		};
		95FEB3C427FEB57500AC4768 /* View */ = {
			isa = PBXGroup;
			children = (
				9532D86E27FD4C120064CAC5 /* Main.storyboard */,
				9532D87127FD4C130064CAC5 /* Assets.xcassets */,
				9532D87327FD4C130064CAC5 /* LaunchScreen.storyboard */,
				9532D87E27FD4E700064CAC5 /* NewsCategoryTableViewCell.swift */,
				9532D87F27FD4E700064CAC5 /* NewsCategoryTableViewCell.xib */,
				9532D88627FD6C0E0064CAC5 /* NewsCardViewCell.swift */,
				9532D88727FD6C0E0064CAC5 /* NewsCardViewCell.xib */,
			);
			path = View;
			sourceTree = "<group>";
		};
		95FEB3C527FEB57B00AC4768 /* Model */ = {
			isa = PBXGroup;
			children = (
				9532D88A27FD79ED0064CAC5 /* NewsArticles.swift */,
				9532D88C27FD7A830064CAC5 /* CatchNewsData.swift */,
			);
			path = Model;
			sourceTree = "<group>";
		};
		F7D47BF32F7F07F91B1ED885 /* Frameworks */ = {
			isa = PBXGroup;
			children = (
				796CCAD539A79581EB68900F /* Pods_MiniApp_NewsAPI_CardSwipe.framework */,
			);
			name = Frameworks;
			sourceTree = "<group>";
		};
/* End PBXGroup section */

/* Begin PBXNativeTarget section */
		9532D86427FD4C120064CAC5 /* MiniApp-NewsAPI-CardSwipe */ = {
			isa = PBXNativeTarget;
			buildConfigurationList = 9532D87927FD4C130064CAC5 /* Build configuration list for PBXNativeTarget "MiniApp-NewsAPI-CardSwipe" */;
			buildPhases = (
				753B88FFA7175DD728893EF9 /* [CP] Check Pods Manifest.lock */,
				9532D86127FD4C120064CAC5 /* Sources */,
				9532D86227FD4C120064CAC5 /* Frameworks */,
				9532D86327FD4C120064CAC5 /* Resources */,
				250702202D09C79307DAB4C3 /* [CP] Embed Pods Frameworks */,
			);
			buildRules = (
			);
			dependencies = (
			);
			name = "MiniApp-NewsAPI-CardSwipe";
			productName = "MiniApp-NewsAPI-CardSwipe";
			productReference = 9532D86527FD4C120064CAC5 /* MiniApp-NewsAPI-CardSwipe.app */;
			productType = "com.apple.product-type.application";
		};
/* End PBXNativeTarget section */

/* Begin PBXProject section */
		9532D85D27FD4C120064CAC5 /* Project object */ = {
			isa = PBXProject;
			attributes = {
				BuildIndependentTargetsInParallel = 1;
				LastSwiftUpdateCheck = 1330;
				LastUpgradeCheck = 1330;
				TargetAttributes = {
					9532D86427FD4C120064CAC5 = {
						CreatedOnToolsVersion = 13.3;
					};
				};
			};
			buildConfigurationList = 9532D86027FD4C120064CAC5 /* Build configuration list for PBXProject "MiniApp-NewsAPI-CardSwipe" */;
			compatibilityVersion = "Xcode 13.0";
			developmentRegion = en;
			hasScannedForEncodings = 0;
			knownRegions = (
				en,
				Base,
			);
			mainGroup = 9532D85C27FD4C120064CAC5;
			productRefGroup = 9532D86627FD4C120064CAC5 /* Products */;
			projectDirPath = "";
			projectRoot = "";
			targets = (
				9532D86427FD4C120064CAC5 /* MiniApp-NewsAPI-CardSwipe */,
			);
		};
/* End PBXProject section */

/* Begin PBXResourcesBuildPhase section */
		9532D86327FD4C120064CAC5 /* Resources */ = {
			isa = PBXResourcesBuildPhase;
			buildActionMask = 2147483647;
			files = (
				9532D88127FD4E700064CAC5 /* NewsCategoryTableViewCell.xib in Resources */,
				9532D88927FD6C0E0064CAC5 /* NewsCardViewCell.xib in Resources */,
				9532D87527FD4C130064CAC5 /* LaunchScreen.storyboard in Resources */,
				9532D87227FD4C130064CAC5 /* Assets.xcassets in Resources */,
				9532D87027FD4C120064CAC5 /* Main.storyboard in Resources */,
			);
			runOnlyForDeploymentPostprocessing = 0;
		};
/* End PBXResourcesBuildPhase section */

/* Begin PBXShellScriptBuildPhase section */
		250702202D09C79307DAB4C3 /* [CP] Embed Pods Frameworks */ = {
			isa = PBXShellScriptBuildPhase;
			buildActionMask = 2147483647;
			files = (
			);
			inputFileListPaths = (
				"${PODS_ROOT}/Target Support Files/Pods-MiniApp-NewsAPI-CardSwipe/Pods-MiniApp-NewsAPI-CardSwipe-frameworks-${CONFIGURATION}-input-files.xcfilelist",
			);
			name = "[CP] Embed Pods Frameworks";
			outputFileListPaths = (
				"${PODS_ROOT}/Target Support Files/Pods-MiniApp-NewsAPI-CardSwipe/Pods-MiniApp-NewsAPI-CardSwipe-frameworks-${CONFIGURATION}-output-files.xcfilelist",
			);
			runOnlyForDeploymentPostprocessing = 0;
			shellPath = /bin/sh;
			shellScript = "\"${PODS_ROOT}/Target Support Files/Pods-MiniApp-NewsAPI-CardSwipe/Pods-MiniApp-NewsAPI-CardSwipe-frameworks.sh\"\n";
			showEnvVarsInLog = 0;
		};
		753B88FFA7175DD728893EF9 /* [CP] Check Pods Manifest.lock */ = {
			isa = PBXShellScriptBuildPhase;
			buildActionMask = 2147483647;
			files = (
			);
			inputFileListPaths = (
			);
			inputPaths = (
				"${PODS_PODFILE_DIR_PATH}/Podfile.lock",
				"${PODS_ROOT}/Manifest.lock",
			);
			name = "[CP] Check Pods Manifest.lock";
			outputFileListPaths = (
			);
			outputPaths = (
				"$(DERIVED_FILE_DIR)/Pods-MiniApp-NewsAPI-CardSwipe-checkManifestLockResult.txt",
			);
			runOnlyForDeploymentPostprocessing = 0;
			shellPath = /bin/sh;
			shellScript = "diff \"${PODS_PODFILE_DIR_PATH}/Podfile.lock\" \"${PODS_ROOT}/Manifest.lock\" > /dev/null\nif [ $? != 0 ] ; then\n    # print error to STDERR\n    echo \"error: The sandbox is not in sync with the Podfile.lock. Run 'pod install' or update your CocoaPods installation.\" >&2\n    exit 1\nfi\n# This output is used by Xcode 'outputs' to avoid re-running this script phase.\necho \"SUCCESS\" > \"${SCRIPT_OUTPUT_FILE_0}\"\n";
			showEnvVarsInLog = 0;
		};
/* End PBXShellScriptBuildPhase section */

/* Begin PBXSourcesBuildPhase section */
		9532D86127FD4C120064CAC5 /* Sources */ = {
			isa = PBXSourcesBuildPhase;
			buildActionMask = 2147483647;
			files = (
				9532D88D27FD7A830064CAC5 /* CatchNewsData.swift in Sources */,
				9532D86D27FD4C120064CAC5 /* NewsCategoryViewController.swift in Sources */,
				9532D88827FD6C0E0064CAC5 /* NewsCardViewCell.swift in Sources */,
				9532D86927FD4C120064CAC5 /* AppDelegate.swift in Sources */,
				9532D88B27FD79ED0064CAC5 /* NewsArticles.swift in Sources */,
				9532D87D27FD4CF70064CAC5 /* CardSwipeViewController.swift in Sources */,
				956DED1A27FFB77200BB1837 /* WebNewsViewController.swift in Sources */,
				9532D86B27FD4C120064CAC5 /* SceneDelegate.swift in Sources */,
				9532D88027FD4E700064CAC5 /* NewsCategoryTableViewCell.swift in Sources */,
			);
			runOnlyForDeploymentPostprocessing = 0;
		};
/* End PBXSourcesBuildPhase section */

/* Begin PBXVariantGroup section */
		9532D86E27FD4C120064CAC5 /* Main.storyboard */ = {
			isa = PBXVariantGroup;
			children = (
				9532D86F27FD4C120064CAC5 /* Base */,
			);
			name = Main.storyboard;
			sourceTree = "<group>";
		};
		9532D87327FD4C130064CAC5 /* LaunchScreen.storyboard */ = {
			isa = PBXVariantGroup;
			children = (
				9532D87427FD4C130064CAC5 /* Base */,
			);
			name = LaunchScreen.storyboard;
			sourceTree = "<group>";
		};
/* End PBXVariantGroup section */

/* Begin XCBuildConfiguration section */
		9532D87727FD4C130064CAC5 /* Debug */ = {
			isa = XCBuildConfiguration;
			buildSettings = {
				ALWAYS_SEARCH_USER_PATHS = NO;
				CLANG_ANALYZER_NONNULL = YES;
				CLANG_ANALYZER_NUMBER_OBJECT_CONVERSION = YES_AGGRESSIVE;
				CLANG_CXX_LANGUAGE_STANDARD = "gnu++17";
				CLANG_ENABLE_MODULES = YES;
				CLANG_ENABLE_OBJC_ARC = YES;
				CLANG_ENABLE_OBJC_WEAK = YES;
				CLANG_WARN_BLOCK_CAPTURE_AUTORELEASING = YES;
				CLANG_WARN_BOOL_CONVERSION = YES;
				CLANG_WARN_COMMA = YES;
				CLANG_WARN_CONSTANT_CONVERSION = YES;
				CLANG_WARN_DEPRECATED_OBJC_IMPLEMENTATIONS = YES;
				CLANG_WARN_DIRECT_OBJC_ISA_USAGE = YES_ERROR;
				CLANG_WARN_DOCUMENTATION_COMMENTS = YES;
				CLANG_WARN_EMPTY_BODY = YES;
				CLANG_WARN_ENUM_CONVERSION = YES;
				CLANG_WARN_INFINITE_RECURSION = YES;
				CLANG_WARN_INT_CONVERSION = YES;
				CLANG_WARN_NON_LITERAL_NULL_CONVERSION = YES;
				CLANG_WARN_OBJC_IMPLICIT_RETAIN_SELF = YES;
				CLANG_WARN_OBJC_LITERAL_CONVERSION = YES;
				CLANG_WARN_OBJC_ROOT_CLASS = YES_ERROR;
				CLANG_WARN_QUOTED_INCLUDE_IN_FRAMEWORK_HEADER = YES;
				CLANG_WARN_RANGE_LOOP_ANALYSIS = YES;
				CLANG_WARN_STRICT_PROTOTYPES = YES;
				CLANG_WARN_SUSPICIOUS_MOVE = YES;
				CLANG_WARN_UNGUARDED_AVAILABILITY = YES_AGGRESSIVE;
				CLANG_WARN_UNREACHABLE_CODE = YES;
				CLANG_WARN__DUPLICATE_METHOD_MATCH = YES;
				COPY_PHASE_STRIP = NO;
				DEBUG_INFORMATION_FORMAT = dwarf;
				ENABLE_STRICT_OBJC_MSGSEND = YES;
				ENABLE_TESTABILITY = YES;
				GCC_C_LANGUAGE_STANDARD = gnu11;
				GCC_DYNAMIC_NO_PIC = NO;
				GCC_NO_COMMON_BLOCKS = YES;
				GCC_OPTIMIZATION_LEVEL = 0;
				GCC_PREPROCESSOR_DEFINITIONS = (
					"DEBUG=1",
					"$(inherited)",
				);
				GCC_WARN_64_TO_32_BIT_CONVERSION = YES;
				GCC_WARN_ABOUT_RETURN_TYPE = YES_ERROR;
				GCC_WARN_UNDECLARED_SELECTOR = YES;
				GCC_WARN_UNINITIALIZED_AUTOS = YES_AGGRESSIVE;
				GCC_WARN_UNUSED_FUNCTION = YES;
				GCC_WARN_UNUSED_VARIABLE = YES;
				IPHONEOS_DEPLOYMENT_TARGET = 15.4;
				MTL_ENABLE_DEBUG_INFO = INCLUDE_SOURCE;
				MTL_FAST_MATH = YES;
				ONLY_ACTIVE_ARCH = YES;
				SDKROOT = iphoneos;
				SWIFT_ACTIVE_COMPILATION_CONDITIONS = DEBUG;
				SWIFT_OPTIMIZATION_LEVEL = "-Onone";
			};
			name = Debug;
		};
		9532D87827FD4C130064CAC5 /* Release */ = {
			isa = XCBuildConfiguration;
			buildSettings = {
				ALWAYS_SEARCH_USER_PATHS = NO;
				CLANG_ANALYZER_NONNULL = YES;
				CLANG_ANALYZER_NUMBER_OBJECT_CONVERSION = YES_AGGRESSIVE;
				CLANG_CXX_LANGUAGE_STANDARD = "gnu++17";
				CLANG_ENABLE_MODULES = YES;
				CLANG_ENABLE_OBJC_ARC = YES;
				CLANG_ENABLE_OBJC_WEAK = YES;
				CLANG_WARN_BLOCK_CAPTURE_AUTORELEASING = YES;
				CLANG_WARN_BOOL_CONVERSION = YES;
				CLANG_WARN_COMMA = YES;
				CLANG_WARN_CONSTANT_CONVERSION = YES;
				CLANG_WARN_DEPRECATED_OBJC_IMPLEMENTATIONS = YES;
				CLANG_WARN_DIRECT_OBJC_ISA_USAGE = YES_ERROR;
				CLANG_WARN_DOCUMENTATION_COMMENTS = YES;
				CLANG_WARN_EMPTY_BODY = YES;
				CLANG_WARN_ENUM_CONVERSION = YES;
				CLANG_WARN_INFINITE_RECURSION = YES;
				CLANG_WARN_INT_CONVERSION = YES;
				CLANG_WARN_NON_LITERAL_NULL_CONVERSION = YES;
				CLANG_WARN_OBJC_IMPLICIT_RETAIN_SELF = YES;
				CLANG_WARN_OBJC_LITERAL_CONVERSION = YES;
				CLANG_WARN_OBJC_ROOT_CLASS = YES_ERROR;
				CLANG_WARN_QUOTED_INCLUDE_IN_FRAMEWORK_HEADER = YES;
				CLANG_WARN_RANGE_LOOP_ANALYSIS = YES;
				CLANG_WARN_STRICT_PROTOTYPES = YES;
				CLANG_WARN_SUSPICIOUS_MOVE = YES;
				CLANG_WARN_UNGUARDED_AVAILABILITY = YES_AGGRESSIVE;
				CLANG_WARN_UNREACHABLE_CODE = YES;
				CLANG_WARN__DUPLICATE_METHOD_MATCH = YES;
				COPY_PHASE_STRIP = NO;
				DEBUG_INFORMATION_FORMAT = "dwarf-with-dsym";
				ENABLE_NS_ASSERTIONS = NO;
				ENABLE_STRICT_OBJC_MSGSEND = YES;
				GCC_C_LANGUAGE_STANDARD = gnu11;
				GCC_NO_COMMON_BLOCKS = YES;
				GCC_WARN_64_TO_32_BIT_CONVERSION = YES;
				GCC_WARN_ABOUT_RETURN_TYPE = YES_ERROR;
				GCC_WARN_UNDECLARED_SELECTOR = YES;
				GCC_WARN_UNINITIALIZED_AUTOS = YES_AGGRESSIVE;
				GCC_WARN_UNUSED_FUNCTION = YES;
				GCC_WARN_UNUSED_VARIABLE = YES;
				IPHONEOS_DEPLOYMENT_TARGET = 15.4;
				MTL_ENABLE_DEBUG_INFO = NO;
				MTL_FAST_MATH = YES;
				SDKROOT = iphoneos;
				SWIFT_COMPILATION_MODE = wholemodule;
				SWIFT_OPTIMIZATION_LEVEL = "-O";
				VALIDATE_PRODUCT = YES;
			};
			name = Release;
		};
		9532D87A27FD4C130064CAC5 /* Debug */ = {
			isa = XCBuildConfiguration;
			baseConfigurationReference = F4D349CE07E4BF57DF9DAE34 /* Pods-MiniApp-NewsAPI-CardSwipe.debug.xcconfig */;
			buildSettings = {
				ASSETCATALOG_COMPILER_APPICON_NAME = AppIcon;
				ASSETCATALOG_COMPILER_GLOBAL_ACCENT_COLOR_NAME = AccentColor;
				CODE_SIGN_STYLE = Automatic;
				CURRENT_PROJECT_VERSION = 1;
				DEVELOPMENT_TEAM = 7X9S244452;
				GENERATE_INFOPLIST_FILE = YES;
				INFOPLIST_FILE = "MiniApp-NewsAPI-CardSwipe/Info.plist";
				INFOPLIST_KEY_UIApplicationSupportsIndirectInputEvents = YES;
				INFOPLIST_KEY_UILaunchStoryboardName = LaunchScreen;
				INFOPLIST_KEY_UIMainStoryboardFile = Main;
				INFOPLIST_KEY_UISupportedInterfaceOrientations_iPad = "UIInterfaceOrientationPortrait UIInterfaceOrientationPortraitUpsideDown UIInterfaceOrientationLandscapeLeft UIInterfaceOrientationLandscapeRight";
				INFOPLIST_KEY_UISupportedInterfaceOrientations_iPhone = "UIInterfaceOrientationPortrait UIInterfaceOrientationLandscapeLeft UIInterfaceOrientationLandscapeRight";
				LD_RUNPATH_SEARCH_PATHS = (
					"$(inherited)",
					"@executable_path/Frameworks",
				);
				MARKETING_VERSION = 1.0;
				PRODUCT_BUNDLE_IDENTIFIER = "com.mkondo.MiniApp-NewsAPI-CardSwipe";
				PRODUCT_NAME = "$(TARGET_NAME)";
				SWIFT_EMIT_LOC_STRINGS = YES;
				SWIFT_VERSION = 5.0;
				TARGETED_DEVICE_FAMILY = "1,2";
			};
			name = Debug;
		};
		9532D87B27FD4C130064CAC5 /* Release */ = {
			isa = XCBuildConfiguration;
			baseConfigurationReference = 08CA6BFB0AA0E93E572112E1 /* Pods-MiniApp-NewsAPI-CardSwipe.release.xcconfig */;
			buildSettings = {
				ASSETCATALOG_COMPILER_APPICON_NAME = AppIcon;
				ASSETCATALOG_COMPILER_GLOBAL_ACCENT_COLOR_NAME = AccentColor;
				CODE_SIGN_STYLE = Automatic;
				CURRENT_PROJECT_VERSION = 1;
				DEVELOPMENT_TEAM = 7X9S244452;
				GENERATE_INFOPLIST_FILE = YES;
				INFOPLIST_FILE = "MiniApp-NewsAPI-CardSwipe/Info.plist";
				INFOPLIST_KEY_UIApplicationSupportsIndirectInputEvents = YES;
				INFOPLIST_KEY_UILaunchStoryboardName = LaunchScreen;
				INFOPLIST_KEY_UIMainStoryboardFile = Main;
				INFOPLIST_KEY_UISupportedInterfaceOrientations_iPad = "UIInterfaceOrientationPortrait UIInterfaceOrientationPortraitUpsideDown UIInterfaceOrientationLandscapeLeft UIInterfaceOrientationLandscapeRight";
				INFOPLIST_KEY_UISupportedInterfaceOrientations_iPhone = "UIInterfaceOrientationPortrait UIInterfaceOrientationLandscapeLeft UIInterfaceOrientationLandscapeRight";
				LD_RUNPATH_SEARCH_PATHS = (
					"$(inherited)",
					"@executable_path/Frameworks",
				);
				MARKETING_VERSION = 1.0;
				PRODUCT_BUNDLE_IDENTIFIER = "com.mkondo.MiniApp-NewsAPI-CardSwipe";
				PRODUCT_NAME = "$(TARGET_NAME)";
				SWIFT_EMIT_LOC_STRINGS = YES;
				SWIFT_VERSION = 5.0;
				TARGETED_DEVICE_FAMILY = "1,2";
			};
			name = Release;
		};
/* End XCBuildConfiguration section */

/* Begin XCConfigurationList section */
		9532D86027FD4C120064CAC5 /* Build configuration list for PBXProject "MiniApp-NewsAPI-CardSwipe" */ = {
			isa = XCConfigurationList;
			buildConfigurations = (
				9532D87727FD4C130064CAC5 /* Debug */,
				9532D87827FD4C130064CAC5 /* Release */,
			);
			defaultConfigurationIsVisible = 0;
			defaultConfigurationName = Release;
		};
		9532D87927FD4C130064CAC5 /* Build configuration list for PBXNativeTarget "MiniApp-NewsAPI-CardSwipe" */ = {
			isa = XCConfigurationList;
			buildConfigurations = (
				9532D87A27FD4C130064CAC5 /* Debug */,
				9532D87B27FD4C130064CAC5 /* Release */,
			);
			defaultConfigurationIsVisible = 0;
			defaultConfigurationName = Release;
		};
/* End XCConfigurationList section */
	};
	rootObject = 9532D85D27FD4C120064CAC5 /* Project object */;
}
